
Microsoft Visual Studio Solution File, Format Version 12.00
# Visual Studio Version 17
VisualStudioVersion = 17.0.31903.59
MinimumVisualStudioVersion = 10.0.40219.1
Project("{FAE04EC0-301F-11D3-BF4B-00C04F79EFBC}") = "DapperPatter.API", "DapperPatter.API\DapperPatter.API.csproj", "{DF359B2E-488F-4693-9D96-9858394347E6}"
EndProject
Project("{FAE04EC0-301F-11D3-BF4B-00C04F79EFBC}") = "DapperPatter.Tests", "DapperPatter.Tests\DapperPatter.Tests.csproj", "{6A69D590-F13D-4B75-9FC8-9E0C436876C3}"
EndProject
Global
	GlobalSection(SolutionConfigurationPlatforms) = preSolution
		Debug|Any CPU = Debug|Any CPU
		Release|Any CPU = Release|Any CPU
	EndGlobalSection
	GlobalSection(SolutionProperties) = preSolution
		HideSolutionNode = FALSE
	EndGlobalSection
	GlobalSection(ProjectConfigurationPlatforms) = postSolution
		{DF359B2E-488F-4693-9D96-9858394347E6}.Debug|Any CPU.ActiveCfg = Debug|Any CPU
		{DF359B2E-488F-4693-9D96-9858394347E6}.Debug|Any CPU.Build.0 = Debug|Any CPU
		{DF359B2E-488F-4693-9D96-9858394347E6}.Release|Any CPU.ActiveCfg = Release|Any CPU
		{DF359B2E-488F-4693-9D96-9858394347E6}.Release|Any CPU.Build.0 = Release|Any CPU
		{6A69D590-F13D-4B75-9FC8-9E0C436876C3}.Debug|Any CPU.ActiveCfg = Debug|Any CPU
		{6A69D590-F13D-4B75-9FC8-9E0C436876C3}.Debug|Any CPU.Build.0 = Debug|Any CPU
		{6A69D590-F13D-4B75-9FC8-9E0C436876C3}.Release|Any CPU.ActiveCfg = Release|Any CPU
		{6A69D590-F13D-4B75-9FC8-9E0C436876C3}.Release|Any CPU.Build.0 = Release|Any CPU
	EndGlobalSection
EndGlobal
